version = 1
revision = 2
requires-python = ">=3.11"

[[package]]
name = "kobun"
version = "0.1.0"
source = { virtual = "." }
dependencies = [
    { name = "mecab-python3" },
]

[package.metadata]
requires-dist = [{ name = "mecab-python3", specifier = ">=1.0.12" }]

[[package]]
name = "mecab-python3"
version = "1.0.12"
source = { registry = "https://pypi.org/simple" }
sdist = { url = "https://files.pythonhosted.org/packages/fe/54/d52aebc1a1836778a9a97600304821f3c57d384ef1e5c8787a0c6f2a292d/mecab_python3-1.0.12.tar.gz", hash = "sha256:9aba1e56ef80dd97147dcbf8e3508147af129fb46cec0e432b85f96a9bdaa4b9", size = 78841, upload-time = "2025-11-25T11:21:25.68Z" }
wheels = [
    { url = "https://files.pythonhosted.org/packages/b4/9d/81763267aff891f229118e529fc71df91a586eaaebc806bbf43b2c41077e/mecab_python3-1.0.12-cp311-cp311-macosx_10_9_universal2.whl", hash = "sha256:fe7ead7d73bce63ee4d173eeb7242ab946d3f2b7e9604c1a99e47fafa4c0f568", size = 475052, upload-time = "2025-11-25T11:27:12.676Z" },
    { url = "https://files.pythonhosted.org/packages/38/51/29ca8fbdb0c9b3bf60f3e2a3bf0cab974228c11c01c2d57a5a71f86167bc/mecab_python3-1.0.12-cp311-cp311-macosx_10_9_x86_64.whl", hash = "sha256:0e35d0b395cf5c2bb157fabecdda94e0547feb55cb27636bac9a4838525bf692", size = 438523, upload-time = "2025-11-25T11:27:13.682Z" },
    { url = "https://files.pythonhosted.org/packages/0f/b6/bdfb82039169c59f1d2bacede6a856f929ee97c69844f09902123ab6e361/mecab_python3-1.0.12-cp311-cp311-macosx_11_0_arm64.whl", hash = "sha256:2c0c87d9524884412c1f43d801bb605311072463315dc40a5e12f2c0c7e1d24c", size = 434866, upload-time = "2025-11-25T11:27:14.663Z" },
    { url = "https://files.pythonhosted.org/packages/33/ce/a469e11f29235e3bfdad774e4b4d0511968ff5b5ed4cf4bb228218cf86f9/mecab_python3-1.0.12-cp311-cp311-manylinux2014_aarch64.manylinux_2_17_aarch64.whl", hash = "sha256:ea46700f967b9d72e3e9e4c3b0c2cd34d180fdd5b524b57967adbc61c667a5ce", size = 567795, upload-time = "2025-11-25T11:45:52.742Z" },
    { url = "https://files.pythonhosted.org/packages/c7/b8/91a4ef5c366e747bd6fe074f556dbe30efa97e8fb43a623255d1707dd27c/mecab_python3-1.0.12-cp311-cp311-manylinux2014_x86_64.manylinux_2_17_x86_64.whl", hash = "sha256:864fa2dabc4dda605e89314c03aef060548bb3758acd079f898148eda11a0497", size = 589124, upload-time = "2025-11-25T11:23:38.936Z" },
    { url = "https://files.pythonhosted.org/packages/c8/0f/1675d5b9924e490012fe498aa876ba16c7e02fc0bb9c3c0037d92dd1310a/mecab_python3-1.0.12-cp311-cp311-win_amd64.whl", hash = "sha256:451b19fb0384f114b34e9cdcb1fb168922a94b3051c2c8bba605e0620d1ff533", size = 501742, upload-time = "2025-11-25T11:21:42.319Z" },
    { url = "https://files.pythonhosted.org/packages/32/ca/0f1fff8b2ee98c9a2441da4e52761bb55fdf8cea88e40e72236ce74c5e79/mecab_python3-1.0.12-cp312-cp312-macosx_10_13_universal2.whl", hash = "sha256:641ad39ecd1cd565019fb5b78e471e7b6baff03958b2c05db5c2f7226cb17750", size = 474643, upload-time = "2025-11-25T11:27:15.931Z" },
    { url = "https://files.pythonhosted.org/packages/5e/60/e6a717cefe9d8051081b5a4b9bdaac1e0022bd9dabad12bc58d202446f7c/mecab_python3-1.0.12-cp312-cp312-macosx_10_13_x86_64.whl", hash = "sha256:477d22faac294d7d4acc52966221fc63785f050ce1ca94cc74de42c8b1bbde2e", size = 438321, upload-time = "2025-11-25T11:27:16.906Z" },
    { url = "https://files.pythonhosted.org/packages/e5/22/25aa0467edb84b9285a0620e32407195d56f206610057f93f73dd21be740/mecab_python3-1.0.12-cp312-cp312-macosx_11_0_arm64.whl", hash = "sha256:3ca8591fbb30253df8f283f3c5b7c9fc593c6e290e985a453e9a7b8345f04d0f", size = 435262, upload-time = "2025-11-25T11:27:18.204Z" },
    { url = "https://files.pythonhosted.org/packages/55/d4/b2b9faaa87bd219369a5df9296a5711439e6e204428abfbcab69d046905a/mecab_python3-1.0.12-cp312-cp312-manylinux2014_aarch64.manylinux_2_17_aarch64.whl", hash = "sha256:2429b3977e62b65cd36f098b6814da427c54afe11da97ca39e85dbad2c0f1342", size = 569306, upload-time = "2025-11-25T11:45:54.333Z" },
    { url = "https://files.pythonhosted.org/packages/22/36/d49e077cf95ade987fa72b9afcc84ec5e907d15f1c6b02ec5ba14c7a9cb3/mecab_python3-1.0.12-cp312-cp312-manylinux2014_x86_64.manylinux_2_17_x86_64.whl", hash = "sha256:dae0605065e9eda6f3aa74dd08c781de7371a447aec3fa6d3e31d7340bd6e5f0", size = 591444, upload-time = "2025-11-25T11:23:40.145Z" },
    { url = "https://files.pythonhosted.org/packages/4c/07/c0699f4952e4423a0d192f1709c731202f36de1c86b637738f0c5b0b48fb/mecab_python3-1.0.12-cp312-cp312-win_amd64.whl", hash = "sha256:ef10b35d580e90a776e2e672fe516f371c48cd0ebeaa4f1e0bcb902e216724ba", size = 502652, upload-time = "2025-11-25T11:22:48.324Z" },
    { url = "https://files.pythonhosted.org/packages/e8/13/a9c70656f0c7981476f030ac00967a6bd1e8d2a3b618099fbcf6ea3b2c33/mecab_python3-1.0.12-cp313-cp313-macosx_10_13_universal2.whl", hash = "sha256:db8757fd214692ffb68c280d46a466f94fdca61c06153d5dd2f9902fd3f69213", size = 474669, upload-time = "2025-11-25T11:27:19.149Z" },
    { url = "https://files.pythonhosted.org/packages/3c/74/2175ffef0eeacc3fe010114e468cb460cebf4c91a8f9784e1ce586bf09ca/mecab_python3-1.0.12-cp313-cp313-macosx_10_13_x86_64.whl", hash = "sha256:84243d7419fc8ff2f3144a727068720eeda99ac9498b1ec612c5346803436d26", size = 438321, upload-time = "2025-11-25T11:27:20.079Z" },
    { url = "https://files.pythonhosted.org/packages/34/9c/d6c4259a2816cd7a24d1efd625b04014a756a9403b9e48c6777ca48d9524/mecab_python3-1.0.12-cp313-cp313-macosx_11_0_arm64.whl", hash = "sha256:9f877382a9e0c8789308c5506d92f5e4138117eebb6b030a87d66318f93030a5", size = 435288, upload-time = "2025-11-25T11:27:21.225Z" },
    { url = "https://files.pythonhosted.org/packages/7d/75/5019423fbe1ba00d63b103bb889da8a11463a9d0254cfbf1662963c05a5e/mecab_python3-1.0.12-cp313-cp313-manylinux2014_aarch64.manylinux_2_17_aarch64.whl", hash = "sha256:078cb752f1601b1ac6d31c20ae561b3dc3ca96893aa8c486655a41527801a6b1", size = 569093, upload-time = "2025-11-25T11:45:55.402Z" },
    { url = "https://files.pythonhosted.org/packages/3e/38/96f6401b35342831cd96e03c20ae83f53ac25558a5a80cc3b8acb89b6df0/mecab_python3-1.0.12-cp313-cp313-manylinux2014_x86_64.manylinux_2_17_x86_64.whl", hash = "sha256:34b1dd02bba8f14961539546848f962ecb491517a4b026c46cd9fe393831079d", size = 591296, upload-time = "2025-11-25T11:23:41.209Z" },
    { url = "https://files.pythonhosted.org/packages/e9/ff/6f63a75ea7983c10dd85d81df696efc1b4edf80731757ab1ccb19777325b/mecab_python3-1.0.12-cp313-cp313-win_amd64.whl", hash = "sha256:ad8508d0bf9827b6ad4b3537d144a1ecbbd6a6841b74430c6b74fe4b8766aa42", size = 502666, upload-time = "2025-11-25T11:23:06.447Z" },
    { url = "https://files.pythonhosted.org/packages/ce/f5/aeb3526cae978264458418f0509638fa1e074f32abdc960f75c6ed33817f/mecab_python3-1.0.12-cp314-cp314-macosx_10_15_universal2.whl", hash = "sha256:2b9456d1e0b5686d106a1d5839c9e0ac1a05f2e0ff3ff8480119551bd1ca1837", size = 474910, upload-time = "2025-11-25T11:27:22.136Z" },
    { url = "https://files.pythonhosted.org/packages/fe/15/4907d8d5b3ed99cfc191dade0c086b6f0dabe9c5cf62465612d331a310e0/mecab_python3-1.0.12-cp314-cp314-macosx_10_15_x86_64.whl", hash = "sha256:7f722a5b88aed9fc4a2f927f6fb4ec0095fbe393119a6070d7d46eea05ce8b69", size = 438560, upload-time = "2025-11-25T11:27:23.411Z" },
    { url = "https://files.pythonhosted.org/packages/f8/58/caddb2bd98ca847e6743d280011146d45b13d8cd8e7469402d5fa297e30e/mecab_python3-1.0.12-cp314-cp314-macosx_11_0_arm64.whl", hash = "sha256:680ae889c2e9748e980347f21ac04cef30e01624c8b62571c5f999ab6668feea", size = 435311, upload-time = "2025-11-25T11:27:24.85Z" },
    { url = "https://files.pythonhosted.org/packages/37/36/f65f81b59f53aa3fd5e6e7fc990d8e2e8c89b82439a78a7d8c90561e40d3/mecab_python3-1.0.12-cp314-cp314-manylinux2014_aarch64.manylinux_2_17_aarch64.whl", hash = "sha256:019be4838f437b9e4b9cd5e1e615bdcbc2859ed3171fa921f7c6b8fe5222bd25", size = 569531, upload-time = "2025-11-25T11:45:57.087Z" },
    { url = "https://files.pythonhosted.org/packages/2c/a7/4309ea9ec9b74bad0ac3e1baaccbea592ebdb2ad99ca426a9f47c3ec4716/mecab_python3-1.0.12-cp314-cp314-manylinux2014_x86_64.manylinux_2_17_x86_64.whl", hash = "sha256:f88232df9af6d1773822ede87eb8cd1896ca234a92225ea0b03638a60cfbf289", size = 590402, upload-time = "2025-11-25T11:23:42.75Z" },
    { url = "https://files.pythonhosted.org/packages/50/fe/11e6cb53862ca492c17ed45616e0cd07873281abbaccba529647eb0b2117/mecab_python3-1.0.12-cp314-cp314-win_amd64.whl", hash = "sha256:c6e433c43e3a28d98ef0d85e89709f47c43e72f5b570687f1aef50cbaa8d4b45", size = 513871, upload-time = "2025-11-25T11:23:50.545Z" },
    { url = "https://files.pythonhosted.org/packages/93/11/e09a4f7b457a59320f3757ba9fe8248db08324930ad2af0bbc4e460208d1/mecab_python3-1.0.12-cp314-cp314t-macosx_10_15_universal2.whl", hash = "sha256:c9b8158c9ac13fce0a842f1ef590cabb28c1db09db17192e6bdbecd291ff37fc", size = 476743, upload-time = "2025-11-25T11:27:26.206Z" },
    { url = "https://files.pythonhosted.org/packages/ad/5d/5688306d4802ac3e7fe5af8cddf3f087fc4d17afd6ffdabfca5b76113822/mecab_python3-1.0.12-cp314-cp314t-macosx_10_15_x86_64.whl", hash = "sha256:04342996c8fc214a942dc39c6768f0a8290a2f1b71f7bcfc51414048e504d265", size = 439489, upload-time = "2025-11-25T11:27:27.308Z" },
    { url = "https://files.pythonhosted.org/packages/7a/b0/7dc0f08233ec70132cd2e577d9f57d43364bb72cb32656d9218a108a388e/mecab_python3-1.0.12-cp314-cp314t-macosx_11_0_arm64.whl", hash = "sha256:06bc3043a21db5b2476479ded1e95bc94d79ae730fb212cb70b103ef89a408c8", size = 436252, upload-time = "2025-11-25T11:27:28.269Z" },
]
